{
  "version": 1,
  "dependencies": {
    ".NETFramework,Version=v4.8": {
      "ILRepack.Lib.MSBuild.Task": {
        "type": "Direct",
        "requested": "[2.0.40, )",
        "resolved": "2.0.40",
        "contentHash": "sKv16jwPa482GHaOScPy7eHpbJpfHIfaANLMHZHRwimX8HalbcoNRXX3GwhjdSCvMFKgToHgGCAVHz+IT6fTmA=="
      }
    },
    ".NETFramework,Version=v4.8/win": {},
    ".NETFramework,Version=v4.8/win-arm64": {},
    ".NETFramework,Version=v4.8/win-x64": {},
    ".NETFramework,Version=v4.8/win-x86": {}
  }
}