{
  "version": 1,
  "dependencies": {
    ".NETFramework,Version=v4.8": {
      "ILRepack.Lib.MSBuild.Task": {
        "type": "Direct",
        "requested": "[2.0.34.2, )",
        "resolved": "2.0.34.2",
        "contentHash": "tXuZZbIqiODq/yESIz04p97ZLCy4Uh21cSJdvKEl6T4BBQ5s7QnVycg2lfXwtXuhis6pwH5MuEQCi4pKP+xvsA=="
      }
    },
    ".NETFramework,Version=v4.8/win": {},
    ".NETFramework,Version=v4.8/win-arm64": {},
    ".NETFramework,Version=v4.8/win-x64": {},
    ".NETFramework,Version=v4.8/win-x86": {}
  }
}